<?xml version="1.0" encoding="utf-8"?>
<Project ToolsVersion="4.0" xmlns="http://schemas.microsoft.com/developer/msbuild/2003">
  <ItemGroup>
    <ClCompile Include="_Empty.c" />
  </ItemGroup>
  <ItemGroup>
    <Filter Include="Source Files">
      <UniqueIdentifier>{6e00cd56-8ded-4f7e-86f2-14a5a0af9cd0}</UniqueIdentifier>
    </Filter>
    <Filter Include="Header Files">
      <UniqueIdentifier>{1f53c898-7cbe-4543-9109-95f39284c417}</UniqueIdentifier>
    </Filter>
    <Filter Include="NewFilter1">
      <UniqueIdentifier>{843765aa-c075-4755-a2cc-b436c0476f71}</UniqueIdentifier>
    </Filter>
  </ItemGroup>
</Project>