<?xml version="1.0" encoding="utf-8"?>
<Project ToolsVersion="4.0" xmlns="http://schemas.microsoft.com/developer/msbuild/2003">
  <ItemGroup>
    <ClCompile Include="_Empty.c" />
  </ItemGroup>
  <ItemGroup>
    <Filter Include="Source Files">
      <UniqueIdentifier>{cb9aff98-0fe2-4554-858f-b7b618cea85f}</UniqueIdentifier>
    </Filter>
    <Filter Include="Header Files">
      <UniqueIdentifier>{ecfa50c2-ce12-4095-876a-bccda37f7314}</UniqueIdentifier>
    </Filter>
  </ItemGroup>
</Project>