
Microsoft Visual Studio Solution File, Format Version 12.00
# Visual Studio Version 16
VisualStudioVersion = 16.0.30413.136
MinimumVisualStudioVersion = 16.0.30413.136
Project("{8BC9CEB8-8B4A-11D0-8D11-00A0C91BC942}") = "Ham", "Ham\Ham.vcxproj", "{9B8781AE-F515-49D8-8064-3052BB7ABCC7}"
	ProjectSection(ProjectDependencies) = postProject
		{9279DA54-8BBB-473F-A1FA-54B714CF33D8} = {9279DA54-8BBB-473F-A1FA-54B714CF33D8}
		{D11C227F-AE0E-4B8B-8D99-F9EA28FF3BE8} = {D11C227F-AE0E-4B8B-8D99-F9EA28FF3BE8}
	EndProjectSection
EndProject
Project("{FAE04EC0-301F-11D3-BF4B-00C04F79EFBC}") = "BuildTool", "BuildTool\BuildTool.csproj", "{9279DA54-8BBB-473F-A1FA-54B714CF33D8}"
EndProject
Project("{8BC9CEB8-8B4A-11D0-8D11-00A0C91BC942}") = "Cedar", "Cedar\Cedar.vcxproj", "{D11C227F-AE0E-4B8B-8D99-F9EA28FF3BE8}"
	ProjectSection(ProjectDependencies) = postProject
		{F95D574F-0BBD-464D-8211-2D02D85EACD0} = {F95D574F-0BBD-464D-8211-2D02D85EACD0}
		{9279DA54-8BBB-473F-A1FA-54B714CF33D8} = {9279DA54-8BBB-473F-A1FA-54B714CF33D8}
		{3D141CDA-D58C-4DDE-BD31-3205DC3246EF} = {3D141CDA-D58C-4DDE-BD31-3205DC3246EF}
	EndProjectSection
EndProject
Project("{8BC9CEB8-8B4A-11D0-8D11-00A0C91BC942}") = "Mayaqua", "Mayaqua\Mayaqua.vcxproj", "{F95D574F-0BBD-464D-8211-2D02D85EACD0}"
	ProjectSection(ProjectDependencies) = postProject
		{9279DA54-8BBB-473F-A1FA-54B714CF33D8} = {9279DA54-8BBB-473F-A1FA-54B714CF33D8}
	EndProjectSection
EndProject
Project("{8BC9CEB8-8B4A-11D0-8D11-00A0C91BC942}") = "PenCore", "PenCore\PenCore.vcxproj", "{3D141CDA-D58C-4DDE-BD31-3205DC3246EF}"
	ProjectSection(ProjectDependencies) = postProject
		{9279DA54-8BBB-473F-A1FA-54B714CF33D8} = {9279DA54-8BBB-473F-A1FA-54B714CF33D8}
	EndProjectSection
EndProject
Global
	GlobalSection(SolutionConfigurationPlatforms) = preSolution
		Debug|x64 = Debug|x64
		Debug|x86 = Debug|x86
		Release|x64 = Release|x64
		Release|x86 = Release|x86
	EndGlobalSection
	GlobalSection(ProjectConfigurationPlatforms) = postSolution
		{9279DA54-8BBB-473F-A1FA-54B714CF33D8}.Debug|x64.ActiveCfg = Debug|Any CPU
		{9279DA54-8BBB-473F-A1FA-54B714CF33D8}.Debug|x64.Build.0 = Debug|Any CPU
		{9279DA54-8BBB-473F-A1FA-54B714CF33D8}.Debug|x86.ActiveCfg = Debug|Any CPU
		{9279DA54-8BBB-473F-A1FA-54B714CF33D8}.Debug|x86.Build.0 = Debug|Any CPU
		{9279DA54-8BBB-473F-A1FA-54B714CF33D8}.Release|x64.ActiveCfg = Debug|Any CPU
		{9279DA54-8BBB-473F-A1FA-54B714CF33D8}.Release|x64.Build.0 = Debug|Any CPU
		{9279DA54-8BBB-473F-A1FA-54B714CF33D8}.Release|x86.ActiveCfg = Debug|Any CPU
		{9279DA54-8BBB-473F-A1FA-54B714CF33D8}.Release|x86.Build.0 = Debug|Any CPU
		{9B8781AE-F515-49D8-8064-3052BB7ABCC7}.Debug|x64.ActiveCfg = Debug|x64
		{9B8781AE-F515-49D8-8064-3052BB7ABCC7}.Debug|x64.Build.0 = Debug|x64
		{9B8781AE-F515-49D8-8064-3052BB7ABCC7}.Debug|x86.ActiveCfg = Debug|Win32
		{9B8781AE-F515-49D8-8064-3052BB7ABCC7}.Debug|x86.Build.0 = Debug|Win32
		{9B8781AE-F515-49D8-8064-3052BB7ABCC7}.Release|x64.ActiveCfg = Release|x64
		{9B8781AE-F515-49D8-8064-3052BB7ABCC7}.Release|x64.Build.0 = Release|x64
		{9B8781AE-F515-49D8-8064-3052BB7ABCC7}.Release|x86.ActiveCfg = Release|Win32
		{9B8781AE-F515-49D8-8064-3052BB7ABCC7}.Release|x86.Build.0 = Release|Win32
		{D11C227F-AE0E-4B8B-8D99-F9EA28FF3BE8}.Debug|x64.ActiveCfg = Debug|x64
		{D11C227F-AE0E-4B8B-8D99-F9EA28FF3BE8}.Debug|x64.Build.0 = Debug|x64
		{D11C227F-AE0E-4B8B-8D99-F9EA28FF3BE8}.Debug|x86.ActiveCfg = Debug|Win32
		{D11C227F-AE0E-4B8B-8D99-F9EA28FF3BE8}.Debug|x86.Build.0 = Debug|Win32
		{D11C227F-AE0E-4B8B-8D99-F9EA28FF3BE8}.Release|x64.ActiveCfg = Release|x64
		{D11C227F-AE0E-4B8B-8D99-F9EA28FF3BE8}.Release|x64.Build.0 = Release|x64
		{D11C227F-AE0E-4B8B-8D99-F9EA28FF3BE8}.Release|x86.ActiveCfg = Release|Win32
		{D11C227F-AE0E-4B8B-8D99-F9EA28FF3BE8}.Release|x86.Build.0 = Release|Win32
		{F95D574F-0BBD-464D-8211-2D02D85EACD0}.Debug|x64.ActiveCfg = Debug|x64
		{F95D574F-0BBD-464D-8211-2D02D85EACD0}.Debug|x64.Build.0 = Debug|x64
		{F95D574F-0BBD-464D-8211-2D02D85EACD0}.Debug|x86.ActiveCfg = Debug|Win32
		{F95D574F-0BBD-464D-8211-2D02D85EACD0}.Debug|x86.Build.0 = Debug|Win32
		{F95D574F-0BBD-464D-8211-2D02D85EACD0}.Release|x64.ActiveCfg = Release|x64
		{F95D574F-0BBD-464D-8211-2D02D85EACD0}.Release|x64.Build.0 = Release|x64
		{F95D574F-0BBD-464D-8211-2D02D85EACD0}.Release|x86.ActiveCfg = Release|Win32
		{F95D574F-0BBD-464D-8211-2D02D85EACD0}.Release|x86.Build.0 = Release|Win32
		{3D141CDA-D58C-4DDE-BD31-3205DC3246EF}.Debug|x64.ActiveCfg = Release|Win32
		{3D141CDA-D58C-4DDE-BD31-3205DC3246EF}.Debug|x64.Build.0 = Release|Win32
		{3D141CDA-D58C-4DDE-BD31-3205DC3246EF}.Debug|x86.ActiveCfg = Release|Win32
		{3D141CDA-D58C-4DDE-BD31-3205DC3246EF}.Debug|x86.Build.0 = Release|Win32
		{3D141CDA-D58C-4DDE-BD31-3205DC3246EF}.Release|x64.ActiveCfg = Release|Win32
		{3D141CDA-D58C-4DDE-BD31-3205DC3246EF}.Release|x64.Build.0 = Release|Win32
		{3D141CDA-D58C-4DDE-BD31-3205DC3246EF}.Release|x86.ActiveCfg = Release|Win32
		{3D141CDA-D58C-4DDE-BD31-3205DC3246EF}.Release|x86.Build.0 = Release|Win32
	EndGlobalSection
	GlobalSection(SolutionProperties) = preSolution
		HideSolutionNode = FALSE
	EndGlobalSection
	GlobalSection(ExtensibilityGlobals) = postSolution
		SolutionGuid = {C6A1258E-EB3A-4010-B219-FAA5E2628EAC}
	EndGlobalSection
EndGlobal
